
Microsoft Visual Studio Solution File, Format Version 12.00
# Visual Studio Version 17
VisualStudioVersion = 17.6.33723.286
MinimumVisualStudioVersion = 10.0.40219.1
Project("{9A19103F-16F7-4668-BE54-9A1E7A4F7556}") = "OnionCrafter.Util.Type", "src\OnionCrafter.Util.Type\OnionCrafter.Util.Type.csproj", "{57B4F5C6-A38C-420C-A818-F295A1FDA915}"
EndProject
Global
	GlobalSection(SolutionConfigurationPlatforms) = preSolution
		Debug|Any CPU = Debug|Any CPU
		Release|Any CPU = Release|Any CPU
	EndGlobalSection
	GlobalSection(ProjectConfigurationPlatforms) = postSolution
		{57B4F5C6-A38C-420C-A818-F295A1FDA915}.Debug|Any CPU.ActiveCfg = Debug|Any CPU
		{57B4F5C6-A38C-420C-A818-F295A1FDA915}.Debug|Any CPU.Build.0 = Debug|Any CPU
		{57B4F5C6-A38C-420C-A818-F295A1FDA915}.Release|Any CPU.ActiveCfg = Release|Any CPU
		{57B4F5C6-A38C-420C-A818-F295A1FDA915}.Release|Any CPU.Build.0 = Release|Any CPU
	EndGlobalSection
	GlobalSection(SolutionProperties) = preSolution
		HideSolutionNode = FALSE
	EndGlobalSection
	GlobalSection(ExtensibilityGlobals) = postSolution
		SolutionGuid = {10934BD2-7C1E-495A-8817-9D94977802CB}
	EndGlobalSection
EndGlobal
